PODS:
  - Alamofire (5.2.2)
  - IQKeyboardManagerSwift (6.5.6)
  - Kingfisher (5.14.1):
    - Kingfisher/Core (= 5.14.1)
  - Kingfisher/Core (5.14.1)
  - ObjectMapper (4.2.0)

DEPENDENCIES:
  - Alamofire (~> 5.2)
  - IQKeyboardManagerSwift
  - Kingfisher
  - ObjectMapper

SPEC REPOS:
  trunk:
    - Alamofire
    - IQKeyboardManagerSwift
    - Kingfisher
    - ObjectMapper

SPEC CHECKSUMS:
  Alamofire: 814429acc853c6c54ff123fc3d2ef66803823ce0
  IQKeyboardManagerSwift: c7df9d2deb356c04522f5c4b7b6e4ce4d8ed94fe
  Kingfisher: 8050bc6f7f68cbf3908bd04df7ccbac188f6d6d6
  ObjectMapper: 1eb41f610210777375fa806bf161dc39fb832b81

PODFILE CHECKSUM: 14a14839b81c6c2db8d58c4c1f8f63beddf287ec

COCOAPODS: 1.10.1
